// !$*UTF8*$!
{
	archiveVersion = 1;
	classes = {
	};
	objectVersion = 46;
	objects = {

/* Begin PBXBuildFile section */
		D81E34181E63803900A59EC1 /* AppDelegate.swift in Sources */ = {isa = PBXBuildFile; fileRef = D81E34171E63803900A59EC1 /* AppDelegate.swift */; };
		D81E341A1E63803900A59EC1 /* ViewController.swift in Sources */ = {isa = PBXBuildFile; fileRef = D81E34191E63803900A59EC1 /* ViewController.swift */; };
		D81E341D1E63803900A59EC1 /* Main.storyboard in Resources */ = {isa = PBXBuildFile; fileRef = D81E341B1E63803900A59EC1 /* Main.storyboard */; };
		D81E341F1E63803900A59EC1 /* Assets.xcassets in Resources */ = {isa = PBXBuildFile; fileRef = D81E341E1E63803900A59EC1 /* Assets.xcassets */; };
		D81E34221E63803900A59EC1 /* LaunchScreen.storyboard in Resources */ = {isa = PBXBuildFile; fileRef = D81E34201E63803900A59EC1 /* LaunchScreen.storyboard */; };
		D81E342D1E63803900A59EC1 /* TestTests.swift in Sources */ = {isa = PBXBuildFile; fileRef = D81E342C1E63803900A59EC1 /* TestTests.swift */; };
		D81E34381E63803900A59EC1 /* TestUITests.swift in Sources */ = {isa = PBXBuildFile; fileRef = D81E34371E63803900A59EC1 /* TestUITests.swift */; };
/* End PBXBuildFile section */

/* Begin PBXContainerItemProxy section */
		D81E34291E63803900A59EC1 /* PBXContainerItemProxy */ = {
			isa = PBXContainerItemProxy;
			containerPortal = D81E340C1E63803900A59EC1 /* Project object */;
			proxyType = 1;
			remoteGlobalIDString = D81E34131E63803900A59EC1;
			remoteInfo = Test;
		};
		D81E34341E63803900A59EC1 /* PBXContainerItemProxy */ = {
			isa = PBXContainerItemProxy;
			containerPortal = D81E340C1E63803900A59EC1 /* Project object */;
			proxyType = 1;
			remoteGlobalIDString = D81E34131E63803900A59EC1;
			remoteInfo = Test;
		};
/* End PBXContainerItemProxy section */

/* Begin PBXFileReference section */
		D81E34141E63803900A59EC1 /* Test.app */ = {isa = PBXFileReference; explicitFileType = wrapper.application; includeInIndex = 0; path = Test.app; sourceTree = BUILT_PRODUCTS_DIR; };
		D81E34171E63803900A59EC1 /* AppDelegate.swift */ = {isa = PBXFileReference; lastKnownFileType = sourcecode.swift; path = AppDelegate.swift; sourceTree = "<group>"; };
		D81E34191E63803900A59EC1 /* ViewController.swift */ = {isa = PBXFileReference; lastKnownFileType = sourcecode.swift; path = ViewController.swift; sourceTree = "<group>"; };
		D81E341C1E63803900A59EC1 /* Base */ = {isa = PBXFileReference; lastKnownFileType = file.storyboard; name = Base; path = Base.lproj/Main.storyboard; sourceTree = "<group>"; };
		D81E341E1E63803900A59EC1 /* Assets.xcassets */ = {isa = PBXFileReference; lastKnownFileType = folder.assetcatalog; path = Assets.xcassets; sourceTree = "<group>"; };
		D81E34211E63803900A59EC1 /* Base */ = {isa = PBXFileReference; lastKnownFileType = file.storyboard; name = Base; path = Base.lproj/LaunchScreen.storyboard; sourceTree = "<group>"; };
		D81E34231E63803900A59EC1 /* Info.plist */ = {isa = PBXFileReference; lastKnownFileType = text.plist.xml; path = Info.plist; sourceTree = "<group>"; };
		D81E34281E63803900A59EC1 /* TestTests.xctest */ = {isa = PBXFileReference; explicitFileType = wrapper.cfbundle; includeInIndex = 0; path = TestTests.xctest; sourceTree = BUILT_PRODUCTS_DIR; };
		D81E342C1E63803900A59EC1 /* TestTests.swift */ = {isa = PBXFileReference; lastKnownFileType = sourcecode.swift; path = TestTests.swift; sourceTree = "<group>"; };
		D81E342E1E63803900A59EC1 /* Info.plist */ = {isa = PBXFileReference; lastKnownFileType = text.plist.xml; path = Info.plist; sourceTree = "<group>"; };
		D81E34331E63803900A59EC1 /* TestUITests.xctest */ = {isa = PBXFileReference; explicitFileType = wrapper.cfbundle; includeInIndex = 0; path = TestUITests.xctest; sourceTree = BUILT_PRODUCTS_DIR; };
		D81E34371E63803900A59EC1 /* TestUITests.swift */ = {isa = PBXFileReference; lastKnownFileType = sourcecode.swift; path = TestUITests.swift; sourceTree = "<group>"; };
		D81E34391E63803900A59EC1 /* Info.plist */ = {isa = PBXFileReference; lastKnownFileType = text.plist.xml; path = Info.plist; sourceTree = "<group>"; };
/* End PBXFileReference section */

/* Begin PBXFrameworksBuildPhase section */
		D81E34111E63803900A59EC1 /* Frameworks */ = {
			isa = PBXFrameworksBuildPhase;
			buildActionMask = 2147483647;
			files = (
			);
			runOnlyForDeploymentPostprocessing = 0;
		};
		D81E34251E63803900A59EC1 /* Frameworks */ = {
			isa = PBXFrameworksBuildPhase;
			buildActionMask = 2147483647;
			files = (
			);
			runOnlyForDeploymentPostprocessing = 0;
		};
		D81E34301E63803900A59EC1 /* Frameworks */ = {
			isa = PBXFrameworksBuildPhase;
			buildActionMask = 2147483647;
			files = (
			);
			runOnlyForDeploymentPostprocessing = 0;
		};
/* End PBXFrameworksBuildPhase section */

/* Begin PBXGroup section */
		D81E340B1E63803900A59EC1 = {
			isa = PBXGroup;
			children = (
				D81E34161E63803900A59EC1 /* Test */,
				D81E342B1E63803900A59EC1 /* TestTests */,
				D81E34361E63803900A59EC1 /* TestUITests */,
				D81E34151E63803900A59EC1 /* Products */,
			);
			sourceTree = "<group>";
		};
		D81E34151E63803900A59EC1 /* Products */ = {
			isa = PBXGroup;
			children = (
				D81E34141E63803900A59EC1 /* Test.app */,
				D81E34281E63803900A59EC1 /* TestTests.xctest */,
				D81E34331E63803900A59EC1 /* TestUITests.xctest */,
			);
			name = Products;
			sourceTree = "<group>";
		};
		D81E34161E63803900A59EC1 /* Test */ = {
			isa = PBXGroup;
			children = (
				D81E34171E63803900A59EC1 /* AppDelegate.swift */,
				D81E34191E63803900A59EC1 /* ViewController.swift */,
				D81E341B1E63803900A59EC1 /* Main.storyboard */,
				D81E341E1E63803900A59EC1 /* Assets.xcassets */,
				D81E34201E63803900A59EC1 /* LaunchScreen.storyboard */,
				D81E34231E63803900A59EC1 /* Info.plist */,
			);
			path = Test;
			sourceTree = "<group>";
		};
		D81E342B1E63803900A59EC1 /* TestTests */ = {
			isa = PBXGroup;
			children = (
				D81E342C1E63803900A59EC1 /* TestTests.swift */,
				D81E342E1E63803900A59EC1 /* Info.plist */,
			);
			path = TestTests;
			sourceTree = "<group>";
		};
		D81E34361E63803900A59EC1 /* TestUITests */ = {
			isa = PBXGroup;
			children = (
				D81E34371E63803900A59EC1 /* TestUITests.swift */,
				D81E34391E63803900A59EC1 /* Info.plist */,
			);
			path = TestUITests;
			sourceTree = "<group>";
		};
/* End PBXGroup section */

/* Begin PBXNativeTarget section */
		D81E34131E63803900A59EC1 /* Test */ = {
			isa = PBXNativeTarget;
			buildConfigurationList = D81E343C1E63803900A59EC1 /* Build configuration list for PBXNativeTarget "Test" */;
			buildPhases = (
				D81E34101E63803900A59EC1 /* Sources */,
				D81E34111E63803900A59EC1 /* Frameworks */,
				D81E34121E63803900A59EC1 /* Resources */,
			);
			buildRules = (
			);
			dependencies = (
			);
			name = Test;
			productName = Test;
			productReference = D81E34141E63803900A59EC1 /* Test.app */;
			productType = "com.apple.product-type.application";
		};
		D81E34271E63803900A59EC1 /* TestTests */ = {
			isa = PBXNativeTarget;
			buildConfigurationList = D81E343F1E63803900A59EC1 /* Build configuration list for PBXNativeTarget "TestTests" */;
			buildPhases = (
				D81E34241E63803900A59EC1 /* Sources */,
				D81E34251E63803900A59EC1 /* Frameworks */,
				D81E34261E63803900A59EC1 /* Resources */,
			);
			buildRules = (
			);
			dependencies = (
				D81E342A1E63803900A59EC1 /* PBXTargetDependency */,
			);
			name = TestTests;
			productName = TestTests;
			productReference = D81E34281E63803900A59EC1 /* TestTests.xctest */;
			productType = "com.apple.product-type.bundle.unit-test";
		};
		D81E34321E63803900A59EC1 /* TestUITests */ = {
			isa = PBXNativeTarget;
			buildConfigurationList = D81E34421E63803900A59EC1 /* Build configuration list for PBXNativeTarget "TestUITests" */;
			buildPhases = (
				D81E342F1E63803900A59EC1 /* Sources */,
				D81E34301E63803900A59EC1 /* Frameworks */,
				D81E34311E63803900A59EC1 /* Resources */,
			);
			buildRules = (
			);
			dependencies = (
				D81E34351E63803900A59EC1 /* PBXTargetDependency */,
			);
			name = TestUITests;
			productName = TestUITests;
			productReference = D81E34331E63803900A59EC1 /* TestUITests.xctest */;
			productType = "com.apple.product-type.bundle.ui-testing";
		};
/* End PBXNativeTarget section */

/* Begin PBXProject section */
		D81E340C1E63803900A59EC1 /* Project object */ = {
			isa = PBXProject;
			attributes = {
				LastSwiftUpdateCheck = 0800;
				LastUpgradeCheck = 0800;
				ORGANIZATIONNAME = "Joe Chlapowski 2016 ©";
				TargetAttributes = {
					D81E34131E63803900A59EC1 = {
						CreatedOnToolsVersion = 8.0;
						ProvisioningStyle = Automatic;
					};
					D81E34271E63803900A59EC1 = {
						CreatedOnToolsVersion = 8.0;
						ProvisioningStyle = Automatic;
						TestTargetID = D81E34131E63803900A59EC1;
					};
					D81E34321E63803900A59EC1 = {
						CreatedOnToolsVersion = 8.0;
						ProvisioningStyle = Automatic;
						TestTargetID = D81E34131E63803900A59EC1;
					};
				};
			};
			buildConfigurationList = D81E340F1E63803900A59EC1 /* Build configuration list for PBXProject "Test" */;
			compatibilityVersion = "Xcode 3.2";
			developmentRegion = English;
			hasScannedForEncodings = 0;
			knownRegions = (
				en,
				Base,
			);
			mainGroup = D81E340B1E63803900A59EC1;
			productRefGroup = D81E34151E63803900A59EC1 /* Products */;
			projectDirPath = "";
			projectRoot = "";
			targets = (
				D81E34131E63803900A59EC1 /* Test */,
				D81E34271E63803900A59EC1 /* TestTests */,
				D81E34321E63803900A59EC1 /* TestUITests */,
			);
		};
/* End PBXProject section */

/* Begin PBXResourcesBuildPhase section */
		D81E34121E63803900A59EC1 /* Resources */ = {
			isa = PBXResourcesBuildPhase;
			buildActionMask = 2147483647;
			files = (
				D81E34221E63803900A59EC1 /* LaunchScreen.storyboard in Resources */,
				D81E341F1E63803900A59EC1 /* Assets.xcassets in Resources */,
				D81E341D1E63803900A59EC1 /* Main.storyboard in Resources */,
			);
			runOnlyForDeploymentPostprocessing = 0;
		};
		D81E34261E63803900A59EC1 /* Resources */ = {
			isa = PBXResourcesBuildPhase;
			buildActionMask = 2147483647;
			files = (
			);
			runOnlyForDeploymentPostprocessing = 0;
		};
		D81E34311E63803900A59EC1 /* Resources */ = {
			isa = PBXResourcesBuildPhase;
			buildActionMask = 2147483647;
			files = (
			);
			runOnlyForDeploymentPostprocessing = 0;
		};
/* End PBXResourcesBuildPhase section */

/* Begin PBXSourcesBuildPhase section */
		D81E34101E63803900A59EC1 /* Sources */ = {
			isa = PBXSourcesBuildPhase;
			buildActionMask = 2147483647;
			files = (
				D81E341A1E63803900A59EC1 /* ViewController.swift in Sources */,
				D81E34181E63803900A59EC1 /* AppDelegate.swift in Sources */,
			);
			runOnlyForDeploymentPostprocessing = 0;
		};
		D81E34241E63803900A59EC1 /* Sources */ = {
			isa = PBXSourcesBuildPhase;
			buildActionMask = 2147483647;
			files = (
				D81E342D1E63803900A59EC1 /* TestTests.swift in Sources */,
			);
			runOnlyForDeploymentPostprocessing = 0;
		};
		D81E342F1E63803900A59EC1 /* Sources */ = {
			isa = PBXSourcesBuildPhase;
			buildActionMask = 2147483647;
			files = (
				D81E34381E63803900A59EC1 /* TestUITests.swift in Sources */,
			);
			runOnlyForDeploymentPostprocessing = 0;
		};
/* End PBXSourcesBuildPhase section */

/* Begin PBXTargetDependency section */
		D81E342A1E63803900A59EC1 /* PBXTargetDependency */ = {
			isa = PBXTargetDependency;
			target = D81E34131E63803900A59EC1 /* Test */;
			targetProxy = D81E34291E63803900A59EC1 /* PBXContainerItemProxy */;
		};
		D81E34351E63803900A59EC1 /* PBXTargetDependency */ = {
			isa = PBXTargetDependency;
			target = D81E34131E63803900A59EC1 /* Test */;
			targetProxy = D81E34341E63803900A59EC1 /* PBXContainerItemProxy */;
		};
/* End PBXTargetDependency section */

/* Begin PBXVariantGroup section */
		D81E341B1E63803900A59EC1 /* Main.storyboard */ = {
			isa = PBXVariantGroup;
			children = (
				D81E341C1E63803900A59EC1 /* Base */,
			);
			name = Main.storyboard;
			sourceTree = "<group>";
		};
		D81E34201E63803900A59EC1 /* LaunchScreen.storyboard */ = {
			isa = PBXVariantGroup;
			children = (
				D81E34211E63803900A59EC1 /* Base */,
			);
			name = LaunchScreen.storyboard;
			sourceTree = "<group>";
		};
/* End PBXVariantGroup section */

/* Begin XCBuildConfiguration section */
		D81E343A1E63803900A59EC1 /* Debug */ = {
			isa = XCBuildConfiguration;
			buildSettings = {
				ALWAYS_SEARCH_USER_PATHS = NO;
				CLANG_ANALYZER_NONNULL = YES;
				CLANG_CXX_LANGUAGE_STANDARD = "gnu++0x";
				CLANG_CXX_LIBRARY = "libc++";
				CLANG_ENABLE_MODULES = YES;
				CLANG_ENABLE_OBJC_ARC = YES;
				CLANG_WARN_BOOL_CONVERSION = YES;
				CLANG_WARN_CONSTANT_CONVERSION = YES;
				CLANG_WARN_DIRECT_OBJC_ISA_USAGE = YES_ERROR;
				CLANG_WARN_DOCUMENTATION_COMMENTS = YES;
				CLANG_WARN_EMPTY_BODY = YES;
				CLANG_WARN_ENUM_CONVERSION = YES;
				CLANG_WARN_INFINITE_RECURSION = YES;
				CLANG_WARN_INT_CONVERSION = YES;
				CLANG_WARN_OBJC_ROOT_CLASS = YES_ERROR;
				CLANG_WARN_SUSPICIOUS_MOVES = YES;
				CLANG_WARN_UNREACHABLE_CODE = YES;
				CLANG_WARN__DUPLICATE_METHOD_MATCH = YES;
				"CODE_SIGN_IDENTITY[sdk=iphoneos*]" = "iPhone Developer";
				COPY_PHASE_STRIP = NO;
				DEBUG_INFORMATION_FORMAT = dwarf;
				ENABLE_STRICT_OBJC_MSGSEND = YES;
				ENABLE_TESTABILITY = YES;
				GCC_C_LANGUAGE_STANDARD = gnu99;
				GCC_DYNAMIC_NO_PIC = NO;
				GCC_NO_COMMON_BLOCKS = YES;
				GCC_OPTIMIZATION_LEVEL = 0;
				GCC_PREPROCESSOR_DEFINITIONS = (
					"DEBUG=1",
					"$(inherited)",
				);
				GCC_WARN_64_TO_32_BIT_CONVERSION = YES;
				GCC_WARN_ABOUT_RETURN_TYPE = YES_ERROR;
				GCC_WARN_UNDECLARED_SELECTOR = YES;
				GCC_WARN_UNINITIALIZED_AUTOS = YES_AGGRESSIVE;
				GCC_WARN_UNUSED_FUNCTION = YES;
				GCC_WARN_UNUSED_VARIABLE = YES;
				IPHONEOS_DEPLOYMENT_TARGET = 10.0;
				MTL_ENABLE_DEBUG_INFO = YES;
				ONLY_ACTIVE_ARCH = YES;
				SDKROOT = iphoneos;
				SWIFT_ACTIVE_COMPILATION_CONDITIONS = DEBUG;
				SWIFT_OPTIMIZATION_LEVEL = "-Onone";
				TARGETED_DEVICE_FAMILY = "1,2";
			};
			name = Debug;
		};
		D81E343B1E63803900A59EC1 /* Release */ = {
			isa = XCBuildConfiguration;
			buildSettings = {
				ALWAYS_SEARCH_USER_PATHS = NO;
				CLANG_ANALYZER_NONNULL = YES;
				CLANG_CXX_LANGUAGE_STANDARD = "gnu++0x";
				CLANG_CXX_LIBRARY = "libc++";
				CLANG_ENABLE_MODULES = YES;
				CLANG_ENABLE_OBJC_ARC = YES;
				CLANG_WARN_BOOL_CONVERSION = YES;
				CLANG_WARN_CONSTANT_CONVERSION = YES;
				CLANG_WARN_DIRECT_OBJC_ISA_USAGE = YES_ERROR;
				CLANG_WARN_DOCUMENTATION_COMMENTS = YES;
				CLANG_WARN_EMPTY_BODY = YES;
				CLANG_WARN_ENUM_CONVERSION = YES;
				CLANG_WARN_INFINITE_RECURSION = YES;
				CLANG_WARN_INT_CONVERSION = YES;
				CLANG_WARN_OBJC_ROOT_CLASS = YES_ERROR;
				CLANG_WARN_SUSPICIOUS_MOVES = YES;
				CLANG_WARN_UNREACHABLE_CODE = YES;
				CLANG_WARN__DUPLICATE_METHOD_MATCH = YES;
				"CODE_SIGN_IDENTITY[sdk=iphoneos*]" = "iPhone Developer";
				COPY_PHASE_STRIP = NO;
				DEBUG_INFORMATION_FORMAT = "dwarf-with-dsym";
				ENABLE_NS_ASSERTIONS = NO;
				ENABLE_STRICT_OBJC_MSGSEND = YES;
				GCC_C_LANGUAGE_STANDARD = gnu99;
				GCC_NO_COMMON_BLOCKS = YES;
				GCC_WARN_64_TO_32_BIT_CONVERSION = YES;
				GCC_WARN_ABOUT_RETURN_TYPE = YES_ERROR;
				GCC_WARN_UNDECLARED_SELECTOR = YES;
				GCC_WARN_UNINITIALIZED_AUTOS = YES_AGGRESSIVE;
				GCC_WARN_UNUSED_FUNCTION = YES;
				GCC_WARN_UNUSED_VARIABLE = YES;
				IPHONEOS_DEPLOYMENT_TARGET = 10.0;
				MTL_ENABLE_DEBUG_INFO = NO;
				SDKROOT = iphoneos;
				SWIFT_OPTIMIZATION_LEVEL = "-Owholemodule";
				TARGETED_DEVICE_FAMILY = "1,2";
				VALIDATE_PRODUCT = YES;
			};
			name = Release;
		};
		D81E343D1E63803900A59EC1 /* Debug */ = {
			isa = XCBuildConfiguration;
			buildSettings = {
				ASSETCATALOG_COMPILER_APPICON_NAME = AppIcon;
				INFOPLIST_FILE = Test/Info.plist;
				LD_RUNPATH_SEARCH_PATHS = "$(inherited) @executable_path/Frameworks";
				PRODUCT_BUNDLE_IDENTIFIER = AppClub.Test;
				PRODUCT_NAME = "$(TARGET_NAME)";
				SWIFT_VERSION = 3.0;
			};
			name = Debug;
		};
		D81E343E1E63803900A59EC1 /* Release */ = {
			isa = XCBuildConfiguration;
			buildSettings = {
				ASSETCATALOG_COMPILER_APPICON_NAME = AppIcon;
				INFOPLIST_FILE = Test/Info.plist;
				LD_RUNPATH_SEARCH_PATHS = "$(inherited) @executable_path/Frameworks";
				PRODUCT_BUNDLE_IDENTIFIER = AppClub.Test;
				PRODUCT_NAME = "$(TARGET_NAME)";
				SWIFT_VERSION = 3.0;
			};
			name = Release;
		};
		D81E34401E63803900A59EC1 /* Debug */ = {
			isa = XCBuildConfiguration;
			buildSettings = {
				ALWAYS_EMBED_SWIFT_STANDARD_LIBRARIES = YES;
				BUNDLE_LOADER = "$(TEST_HOST)";
				INFOPLIST_FILE = TestTests/Info.plist;
				LD_RUNPATH_SEARCH_PATHS = "$(inherited) @executable_path/Frameworks @loader_path/Frameworks";
				PRODUCT_BUNDLE_IDENTIFIER = AppClub.TestTests;
				PRODUCT_NAME = "$(TARGET_NAME)";
				SWIFT_VERSION = 3.0;
				TEST_HOST = "$(BUILT_PRODUCTS_DIR)/Test.app/Test";
			};
			name = Debug;
		};
		D81E34411E63803900A59EC1 /* Release */ = {
			isa = XCBuildConfiguration;
			buildSettings = {
				ALWAYS_EMBED_SWIFT_STANDARD_LIBRARIES = YES;
				BUNDLE_LOADER = "$(TEST_HOST)";
				INFOPLIST_FILE = TestTests/Info.plist;
				LD_RUNPATH_SEARCH_PATHS = "$(inherited) @executable_path/Frameworks @loader_path/Frameworks";
				PRODUCT_BUNDLE_IDENTIFIER = AppClub.TestTests;
				PRODUCT_NAME = "$(TARGET_NAME)";
				SWIFT_VERSION = 3.0;
				TEST_HOST = "$(BUILT_PRODUCTS_DIR)/Test.app/Test";
			};
			name = Release;
		};
		D81E34431E63803900A59EC1 /* Debug */ = {
			isa = XCBuildConfiguration;
			buildSettings = {
				ALWAYS_EMBED_SWIFT_STANDARD_LIBRARIES = YES;
				INFOPLIST_FILE = TestUITests/Info.plist;
				LD_RUNPATH_SEARCH_PATHS = "$(inherited) @executable_path/Frameworks @loader_path/Frameworks";
				PRODUCT_BUNDLE_IDENTIFIER = AppClub.TestUITests;
				PRODUCT_NAME = "$(TARGET_NAME)";
				SWIFT_VERSION = 3.0;
				TEST_TARGET_NAME = Test;
			};
			name = Debug;
		};
		D81E34441E63803900A59EC1 /* Release */ = {
			isa = XCBuildConfiguration;
			buildSettings = {
				ALWAYS_EMBED_SWIFT_STANDARD_LIBRARIES = YES;
				INFOPLIST_FILE = TestUITests/Info.plist;
				LD_RUNPATH_SEARCH_PATHS = "$(inherited) @executable_path/Frameworks @loader_path/Frameworks";
				PRODUCT_BUNDLE_IDENTIFIER = AppClub.TestUITests;
				PRODUCT_NAME = "$(TARGET_NAME)";
				SWIFT_VERSION = 3.0;
				TEST_TARGET_NAME = Test;
			};
			name = Release;
		};
/* End XCBuildConfiguration section */

/* Begin XCConfigurationList section */
		D81E340F1E63803900A59EC1 /* Build configuration list for PBXProject "Test" */ = {
			isa = XCConfigurationList;
			buildConfigurations = (
				D81E343A1E63803900A59EC1 /* Debug */,
				D81E343B1E63803900A59EC1 /* Release */,
			);
			defaultConfigurationIsVisible = 0;
			defaultConfigurationName = Release;
		};
		D81E343C1E63803900A59EC1 /* Build configuration list for PBXNativeTarget "Test" */ = {
			isa = XCConfigurationList;
			buildConfigurations = (
				D81E343D1E63803900A59EC1 /* Debug */,
				D81E343E1E63803900A59EC1 /* Release */,
			);
			defaultConfigurationIsVisible = 0;
		};
		D81E343F1E63803900A59EC1 /* Build configuration list for PBXNativeTarget "TestTests" */ = {
			isa = XCConfigurationList;
			buildConfigurations = (
				D81E34401E63803900A59EC1 /* Debug */,
				D81E34411E63803900A59EC1 /* Release */,
			);
			defaultConfigurationIsVisible = 0;
		};
		D81E34421E63803900A59EC1 /* Build configuration list for PBXNativeTarget "TestUITests" */ = {
			isa = XCConfigurationList;
			buildConfigurations = (
				D81E34431E63803900A59EC1 /* Debug */,
				D81E34441E63803900A59EC1 /* Release */,
			);
			defaultConfigurationIsVisible = 0;
		};
/* End XCConfigurationList section */
	};
	rootObject = D81E340C1E63803900A59EC1 /* Project object */;
}
